
Microsoft Visual Studio Solution File, Format Version 12.00
# Visual Studio Version 17
VisualStudioVersion = 17.5.33516.290
MinimumVisualStudioVersion = 10.0.40219.1
Project("{2150E333-8FDC-42A3-9474-1A3956D46DE8}") = "Solution Items", "Solution Items", "{3C371BAA-344D-4C8A-AF08-7829816D726F}"
	ProjectSection(SolutionItems) = preProject
		..\.gitignore = ..\.gitignore
		api-bank-challenge\bin\Debug\net7.0\appsettings.json = api-bank-challenge\bin\Debug\net7.0\appsettings.json
		..\README.md = ..\README.md
	EndProjectSection
EndProject
Project("{9A19103F-16F7-4668-BE54-9A1E7A4F7556}") = "api-bank-challenge", "api-bank-challenge\api-bank-challenge.csproj", "{50C826CC-04EF-4CC9-9AF7-CF384CA6FE50}"
EndProject
Project("{54A90642-561A-4BB1-A94E-469ADEE60C69}") = "bank_front_end", "bank_front_end\bank_front_end.esproj", "{9F295B44-7726-48A6-8D12-E048A53EED73}"
EndProject
Global
	GlobalSection(SolutionConfigurationPlatforms) = preSolution
		Debug|Any CPU = Debug|Any CPU
		Release|Any CPU = Release|Any CPU
	EndGlobalSection
	GlobalSection(ProjectConfigurationPlatforms) = postSolution
		{50C826CC-04EF-4CC9-9AF7-CF384CA6FE50}.Debug|Any CPU.ActiveCfg = Debug|Any CPU
		{50C826CC-04EF-4CC9-9AF7-CF384CA6FE50}.Debug|Any CPU.Build.0 = Debug|Any CPU
		{50C826CC-04EF-4CC9-9AF7-CF384CA6FE50}.Release|Any CPU.ActiveCfg = Release|Any CPU
		{50C826CC-04EF-4CC9-9AF7-CF384CA6FE50}.Release|Any CPU.Build.0 = Release|Any CPU
		{9F295B44-7726-48A6-8D12-E048A53EED73}.Debug|Any CPU.ActiveCfg = Debug|Any CPU
		{9F295B44-7726-48A6-8D12-E048A53EED73}.Debug|Any CPU.Build.0 = Debug|Any CPU
		{9F295B44-7726-48A6-8D12-E048A53EED73}.Debug|Any CPU.Deploy.0 = Debug|Any CPU
		{9F295B44-7726-48A6-8D12-E048A53EED73}.Release|Any CPU.ActiveCfg = Release|Any CPU
		{9F295B44-7726-48A6-8D12-E048A53EED73}.Release|Any CPU.Build.0 = Release|Any CPU
		{9F295B44-7726-48A6-8D12-E048A53EED73}.Release|Any CPU.Deploy.0 = Release|Any CPU
	EndGlobalSection
	GlobalSection(SolutionProperties) = preSolution
		HideSolutionNode = FALSE
	EndGlobalSection
	GlobalSection(ExtensibilityGlobals) = postSolution
		SolutionGuid = {5BD9A95C-9AC8-4300-A9BD-FF464CACE65D}
	EndGlobalSection
EndGlobal
